FORGE
  remote: https://forgeapi.puppetlabs.com
  specs:
    maestrodev/wget (1.4.3)
    puppetlabs/apt (1.5.0)
      puppetlabs/stdlib (>= 2.2.1)
    puppetlabs/mongodb (0.8.0)
      puppetlabs/apt (>= 1.0.0)
      puppetlabs/stdlib (>= 2.2.0)
    puppetlabs/stdlib (4.2.2)
    willdurand/nodejs (1.6.4)
      maestrodev/wget (>= 0)
      puppetlabs/stdlib (>= 0)

DEPENDENCIES
  puppetlabs/mongodb (>= 0)
  willdurand/nodejs (>= 0)

